
Microsoft Visual Studio Solution File, Format Version 12.00
# Visual Studio Version 17
VisualStudioVersion = 17.4.33403.182
MinimumVisualStudioVersion = 10.0.40219.1
Project("{FAE04EC0-301F-11D3-BF4B-00C04F79EFBC}") = "Wiki", "Wiki\Wiki.csproj", "{DD1C3610-DB7E-4478-8FAE-18CC3E79FC20}"
EndProject
Global
	GlobalSection(SolutionConfigurationPlatforms) = preSolution
		Debug|Any CPU = Debug|Any CPU
		Release|Any CPU = Release|Any CPU
	EndGlobalSection
	GlobalSection(ProjectConfigurationPlatforms) = postSolution
		{DD1C3610-DB7E-4478-8FAE-18CC3E79FC20}.Debug|Any CPU.ActiveCfg = Debug|Any CPU
		{DD1C3610-DB7E-4478-8FAE-18CC3E79FC20}.Debug|Any CPU.Build.0 = Debug|Any CPU
		{DD1C3610-DB7E-4478-8FAE-18CC3E79FC20}.Release|Any CPU.ActiveCfg = Release|Any CPU
		{DD1C3610-DB7E-4478-8FAE-18CC3E79FC20}.Release|Any CPU.Build.0 = Release|Any CPU
	EndGlobalSection
	GlobalSection(SolutionProperties) = preSolution
		HideSolutionNode = FALSE
	EndGlobalSection
	GlobalSection(ExtensibilityGlobals) = postSolution
		SolutionGuid = {C9E324E2-67F8-4BC1-8C23-B282468F6599}
	EndGlobalSection
EndGlobal
